
Microsoft Visual Studio Solution File, Format Version 12.00
# Visual Studio 15
VisualStudioVersion = 15.0.28010.0
MinimumVisualStudioVersion = 10.0.40219.1
Project("{9A19103F-16F7-4668-BE54-9A1E7A4F7556}") = "FractalStudio", "FractalStudio\FractalStudio.csproj", "{640F5512-345F-42E5-85BA-8E022C5FE099}"
EndProject
Project("{2150E333-8FDC-42A3-9474-1A3956D46DE8}") = "Notes", "Notes", "{6DDAFE11-7F7E-4F56-8022-28D1C214200D}"
	ProjectSection(SolutionItems) = preProject
		ColorMapFromHistogramData.txt = ColorMapFromHistogramData.txt
		Formula.txt = Formula.txt
		MapViewerMapInfoDivisionStrategy.txt = MapViewerMapInfoDivisionStrategy.txt
		Printing Resolution and Sizes.txt = Printing Resolution and Sizes.txt
	EndProjectSection
EndProject
Project("{FAE04EC0-301F-11D3-BF4B-00C04F79EFBC}") = "FractalServer", "FractalServer\FractalServer.csproj", "{8EFE2D37-974C-4979-AF9A-E2C080BDD7E4}"
EndProject
Project("{FAE04EC0-301F-11D3-BF4B-00C04F79EFBC}") = "FractalServerTests", "FractalServerTests\FractalServerTests.csproj", "{2D14B5BE-1263-4591-8F07-FB05EA29D307}"
EndProject
Project("{FAE04EC0-301F-11D3-BF4B-00C04F79EFBC}") = "PngImageBuilder", "PngImageBuilder\PngImageBuilder.csproj", "{C9F8E097-BF85-442E-B942-2FA9D6C28DDB}"
EndProject
Project("{FAE04EC0-301F-11D3-BF4B-00C04F79EFBC}") = "Hjg.Pngcs", "Hjg.Pngcs\Hjg.Pngcs.csproj", "{FD3B0D50-46B3-4A83-9A6D-C641569142CF}"
EndProject
Project("{FAE04EC0-301F-11D3-BF4B-00C04F79EFBC}") = "FractalEngine", "FractalEngine\FractalEngine.csproj", "{B09271E9-BD16-44B9-A738-1D2D22A04655}"
EndProject
Global
	GlobalSection(SolutionConfigurationPlatforms) = preSolution
		Debug|Any CPU = Debug|Any CPU
		Debug|x86 = Debug|x86
		Debug45|Any CPU = Debug45|Any CPU
		Debug45|x86 = Debug45|x86
		Release|Any CPU = Release|Any CPU
		Release|x86 = Release|x86
		Release45|Any CPU = Release45|Any CPU
		Release45|x86 = Release45|x86
	EndGlobalSection
	GlobalSection(ProjectConfigurationPlatforms) = postSolution
		{640F5512-345F-42E5-85BA-8E022C5FE099}.Debug|Any CPU.ActiveCfg = Debug|Any CPU
		{640F5512-345F-42E5-85BA-8E022C5FE099}.Debug|Any CPU.Build.0 = Debug|Any CPU
		{640F5512-345F-42E5-85BA-8E022C5FE099}.Debug|x86.ActiveCfg = Debug|x86
		{640F5512-345F-42E5-85BA-8E022C5FE099}.Debug|x86.Build.0 = Debug|x86
		{640F5512-345F-42E5-85BA-8E022C5FE099}.Debug45|Any CPU.ActiveCfg = Debug|Any CPU
		{640F5512-345F-42E5-85BA-8E022C5FE099}.Debug45|Any CPU.Build.0 = Debug|Any CPU
		{640F5512-345F-42E5-85BA-8E022C5FE099}.Debug45|x86.ActiveCfg = Debug|x86
		{640F5512-345F-42E5-85BA-8E022C5FE099}.Debug45|x86.Build.0 = Debug|x86
		{640F5512-345F-42E5-85BA-8E022C5FE099}.Release|Any CPU.ActiveCfg = Release|Any CPU
		{640F5512-345F-42E5-85BA-8E022C5FE099}.Release|Any CPU.Build.0 = Release|Any CPU
		{640F5512-345F-42E5-85BA-8E022C5FE099}.Release|x86.ActiveCfg = Release|x86
		{640F5512-345F-42E5-85BA-8E022C5FE099}.Release|x86.Build.0 = Release|x86
		{640F5512-345F-42E5-85BA-8E022C5FE099}.Release45|Any CPU.ActiveCfg = Release|Any CPU
		{640F5512-345F-42E5-85BA-8E022C5FE099}.Release45|Any CPU.Build.0 = Release|Any CPU
		{640F5512-345F-42E5-85BA-8E022C5FE099}.Release45|x86.ActiveCfg = Release|x86
		{640F5512-345F-42E5-85BA-8E022C5FE099}.Release45|x86.Build.0 = Release|x86
		{8EFE2D37-974C-4979-AF9A-E2C080BDD7E4}.Debug|Any CPU.ActiveCfg = Debug|Any CPU
		{8EFE2D37-974C-4979-AF9A-E2C080BDD7E4}.Debug|Any CPU.Build.0 = Debug|Any CPU
		{8EFE2D37-974C-4979-AF9A-E2C080BDD7E4}.Debug|x86.ActiveCfg = Debug|x86
		{8EFE2D37-974C-4979-AF9A-E2C080BDD7E4}.Debug|x86.Build.0 = Debug|x86
		{8EFE2D37-974C-4979-AF9A-E2C080BDD7E4}.Debug45|Any CPU.ActiveCfg = Debug|Any CPU
		{8EFE2D37-974C-4979-AF9A-E2C080BDD7E4}.Debug45|Any CPU.Build.0 = Debug|Any CPU
		{8EFE2D37-974C-4979-AF9A-E2C080BDD7E4}.Debug45|x86.ActiveCfg = Debug|x86
		{8EFE2D37-974C-4979-AF9A-E2C080BDD7E4}.Debug45|x86.Build.0 = Debug|x86
		{8EFE2D37-974C-4979-AF9A-E2C080BDD7E4}.Release|Any CPU.ActiveCfg = Release|Any CPU
		{8EFE2D37-974C-4979-AF9A-E2C080BDD7E4}.Release|Any CPU.Build.0 = Release|Any CPU
		{8EFE2D37-974C-4979-AF9A-E2C080BDD7E4}.Release|x86.ActiveCfg = Release|x86
		{8EFE2D37-974C-4979-AF9A-E2C080BDD7E4}.Release|x86.Build.0 = Release|x86
		{8EFE2D37-974C-4979-AF9A-E2C080BDD7E4}.Release45|Any CPU.ActiveCfg = Release|Any CPU
		{8EFE2D37-974C-4979-AF9A-E2C080BDD7E4}.Release45|Any CPU.Build.0 = Release|Any CPU
		{8EFE2D37-974C-4979-AF9A-E2C080BDD7E4}.Release45|x86.ActiveCfg = Release|x86
		{8EFE2D37-974C-4979-AF9A-E2C080BDD7E4}.Release45|x86.Build.0 = Release|x86
		{2D14B5BE-1263-4591-8F07-FB05EA29D307}.Debug|Any CPU.ActiveCfg = Debug|Any CPU
		{2D14B5BE-1263-4591-8F07-FB05EA29D307}.Debug|Any CPU.Build.0 = Debug|Any CPU
		{2D14B5BE-1263-4591-8F07-FB05EA29D307}.Debug|x86.ActiveCfg = Debug|x86
		{2D14B5BE-1263-4591-8F07-FB05EA29D307}.Debug|x86.Build.0 = Debug|x86
		{2D14B5BE-1263-4591-8F07-FB05EA29D307}.Debug45|Any CPU.ActiveCfg = Debug|Any CPU
		{2D14B5BE-1263-4591-8F07-FB05EA29D307}.Debug45|Any CPU.Build.0 = Debug|Any CPU
		{2D14B5BE-1263-4591-8F07-FB05EA29D307}.Debug45|x86.ActiveCfg = Debug|x86
		{2D14B5BE-1263-4591-8F07-FB05EA29D307}.Debug45|x86.Build.0 = Debug|x86
		{2D14B5BE-1263-4591-8F07-FB05EA29D307}.Release|Any CPU.ActiveCfg = Release|Any CPU
		{2D14B5BE-1263-4591-8F07-FB05EA29D307}.Release|Any CPU.Build.0 = Release|Any CPU
		{2D14B5BE-1263-4591-8F07-FB05EA29D307}.Release|x86.ActiveCfg = Release|x86
		{2D14B5BE-1263-4591-8F07-FB05EA29D307}.Release|x86.Build.0 = Release|x86
		{2D14B5BE-1263-4591-8F07-FB05EA29D307}.Release45|Any CPU.ActiveCfg = Release|Any CPU
		{2D14B5BE-1263-4591-8F07-FB05EA29D307}.Release45|Any CPU.Build.0 = Release|Any CPU
		{2D14B5BE-1263-4591-8F07-FB05EA29D307}.Release45|x86.ActiveCfg = Release|x86
		{2D14B5BE-1263-4591-8F07-FB05EA29D307}.Release45|x86.Build.0 = Release|x86
		{C9F8E097-BF85-442E-B942-2FA9D6C28DDB}.Debug|Any CPU.ActiveCfg = Debug|Any CPU
		{C9F8E097-BF85-442E-B942-2FA9D6C28DDB}.Debug|Any CPU.Build.0 = Debug|Any CPU
		{C9F8E097-BF85-442E-B942-2FA9D6C28DDB}.Debug|x86.ActiveCfg = Debug|x86
		{C9F8E097-BF85-442E-B942-2FA9D6C28DDB}.Debug|x86.Build.0 = Debug|x86
		{C9F8E097-BF85-442E-B942-2FA9D6C28DDB}.Debug45|Any CPU.ActiveCfg = Debug|Any CPU
		{C9F8E097-BF85-442E-B942-2FA9D6C28DDB}.Debug45|Any CPU.Build.0 = Debug|Any CPU
		{C9F8E097-BF85-442E-B942-2FA9D6C28DDB}.Debug45|x86.ActiveCfg = Debug|x86
		{C9F8E097-BF85-442E-B942-2FA9D6C28DDB}.Debug45|x86.Build.0 = Debug|x86
		{C9F8E097-BF85-442E-B942-2FA9D6C28DDB}.Release|Any CPU.ActiveCfg = Release|Any CPU
		{C9F8E097-BF85-442E-B942-2FA9D6C28DDB}.Release|Any CPU.Build.0 = Release|Any CPU
		{C9F8E097-BF85-442E-B942-2FA9D6C28DDB}.Release|x86.ActiveCfg = Release|x86
		{C9F8E097-BF85-442E-B942-2FA9D6C28DDB}.Release|x86.Build.0 = Release|x86
		{C9F8E097-BF85-442E-B942-2FA9D6C28DDB}.Release45|Any CPU.ActiveCfg = Release|Any CPU
		{C9F8E097-BF85-442E-B942-2FA9D6C28DDB}.Release45|Any CPU.Build.0 = Release|Any CPU
		{C9F8E097-BF85-442E-B942-2FA9D6C28DDB}.Release45|x86.ActiveCfg = Release|x86
		{C9F8E097-BF85-442E-B942-2FA9D6C28DDB}.Release45|x86.Build.0 = Release|x86
		{FD3B0D50-46B3-4A83-9A6D-C641569142CF}.Debug|Any CPU.ActiveCfg = Debug|Any CPU
		{FD3B0D50-46B3-4A83-9A6D-C641569142CF}.Debug|Any CPU.Build.0 = Debug|Any CPU
		{FD3B0D50-46B3-4A83-9A6D-C641569142CF}.Debug|x86.ActiveCfg = Debug|x86
		{FD3B0D50-46B3-4A83-9A6D-C641569142CF}.Debug|x86.Build.0 = Debug|x86
		{FD3B0D50-46B3-4A83-9A6D-C641569142CF}.Debug45|Any CPU.ActiveCfg = Debug45|Any CPU
		{FD3B0D50-46B3-4A83-9A6D-C641569142CF}.Debug45|Any CPU.Build.0 = Debug45|Any CPU
		{FD3B0D50-46B3-4A83-9A6D-C641569142CF}.Debug45|x86.ActiveCfg = Debug45|x86
		{FD3B0D50-46B3-4A83-9A6D-C641569142CF}.Debug45|x86.Build.0 = Debug45|x86
		{FD3B0D50-46B3-4A83-9A6D-C641569142CF}.Release|Any CPU.ActiveCfg = Release|Any CPU
		{FD3B0D50-46B3-4A83-9A6D-C641569142CF}.Release|Any CPU.Build.0 = Release|Any CPU
		{FD3B0D50-46B3-4A83-9A6D-C641569142CF}.Release|x86.ActiveCfg = Release|x86
		{FD3B0D50-46B3-4A83-9A6D-C641569142CF}.Release|x86.Build.0 = Release|x86
		{FD3B0D50-46B3-4A83-9A6D-C641569142CF}.Release45|Any CPU.ActiveCfg = Release45|Any CPU
		{FD3B0D50-46B3-4A83-9A6D-C641569142CF}.Release45|Any CPU.Build.0 = Release45|Any CPU
		{FD3B0D50-46B3-4A83-9A6D-C641569142CF}.Release45|x86.ActiveCfg = Release45|x86
		{FD3B0D50-46B3-4A83-9A6D-C641569142CF}.Release45|x86.Build.0 = Release45|x86
		{B09271E9-BD16-44B9-A738-1D2D22A04655}.Debug|Any CPU.ActiveCfg = Debug|Any CPU
		{B09271E9-BD16-44B9-A738-1D2D22A04655}.Debug|Any CPU.Build.0 = Debug|Any CPU
		{B09271E9-BD16-44B9-A738-1D2D22A04655}.Debug|x86.ActiveCfg = Debug|x86
		{B09271E9-BD16-44B9-A738-1D2D22A04655}.Debug|x86.Build.0 = Debug|x86
		{B09271E9-BD16-44B9-A738-1D2D22A04655}.Debug45|Any CPU.ActiveCfg = Debug|Any CPU
		{B09271E9-BD16-44B9-A738-1D2D22A04655}.Debug45|Any CPU.Build.0 = Debug|Any CPU
		{B09271E9-BD16-44B9-A738-1D2D22A04655}.Debug45|x86.ActiveCfg = Debug|x86
		{B09271E9-BD16-44B9-A738-1D2D22A04655}.Debug45|x86.Build.0 = Debug|x86
		{B09271E9-BD16-44B9-A738-1D2D22A04655}.Release|Any CPU.ActiveCfg = Release|Any CPU
		{B09271E9-BD16-44B9-A738-1D2D22A04655}.Release|Any CPU.Build.0 = Release|Any CPU
		{B09271E9-BD16-44B9-A738-1D2D22A04655}.Release|x86.ActiveCfg = Release|x86
		{B09271E9-BD16-44B9-A738-1D2D22A04655}.Release|x86.Build.0 = Release|x86
		{B09271E9-BD16-44B9-A738-1D2D22A04655}.Release45|Any CPU.ActiveCfg = Release|Any CPU
		{B09271E9-BD16-44B9-A738-1D2D22A04655}.Release45|Any CPU.Build.0 = Release|Any CPU
		{B09271E9-BD16-44B9-A738-1D2D22A04655}.Release45|x86.ActiveCfg = Release|x86
		{B09271E9-BD16-44B9-A738-1D2D22A04655}.Release45|x86.Build.0 = Release|x86
	EndGlobalSection
	GlobalSection(SolutionProperties) = preSolution
		HideSolutionNode = FALSE
	EndGlobalSection
	GlobalSection(ExtensibilityGlobals) = postSolution
		SolutionGuid = {2AE6B6D3-0D39-4C25-BE06-75740B096F9C}
	EndGlobalSection
EndGlobal
